Microsoft Visual Studio Solution File, Format Version 10.00
# Visual Studio 2008
Project("{8BC9CEB8-8B4A-11D0-8D11-00A0C91BC942}") = "launcher", "launcher\launcher.vcproj", "{2D700C88-0FF8-4320-88E5-6CEAF134F53A}"
EndProject
Project("{8BC9CEB8-8B4A-11D0-8D11-00A0C91BC942}") = "oeapiinitcom", "oeapiinitcom\oeapiinitcom.vcproj", "{505DB289-BC5B-486C-9727-7BFC8E99D22D}"
	ProjectSection(ProjectDependencies) = postProject
		{2D700C88-0FF8-4320-88E5-6CEAF134F53A} = {2D700C88-0FF8-4320-88E5-6CEAF134F53A}
	EndProjectSection
EndProject
Project("{8BC9CEB8-8B4A-11D0-8D11-00A0C91BC942}") = "oeapiplugin", "plugin\lib\oeapiplugin.vcproj", "{00907C49-617B-4736-85EC-B12D4A7AD74E}"
	ProjectSection(ProjectDependencies) = postProject
		{505DB289-BC5B-486C-9727-7BFC8E99D22D} = {505DB289-BC5B-486C-9727-7BFC8E99D22D}
	EndProjectSection
EndProject
Project("{8BC9CEB8-8B4A-11D0-8D11-00A0C91BC942}") = "oecom", "plugin\oecom\oecom.vcproj", "{A1B84277-EF63-4F93-95B8-AD1C86233C30}"
	ProjectSection(ProjectDependencies) = postProject
		{00907C49-617B-4736-85EC-B12D4A7AD74E} = {00907C49-617B-4736-85EC-B12D4A7AD74E}
		{505DB289-BC5B-486C-9727-7BFC8E99D22D} = {505DB289-BC5B-486C-9727-7BFC8E99D22D}
	EndProjectSection
EndProject
Project("{8BC9CEB8-8B4A-11D0-8D11-00A0C91BC942}") = "oehook", "oehook\oehook.vcproj", "{215D83C7-E3A8-4A85-9DCE-B86EDAF3B91A}"
EndProject
Project("{8BC9CEB8-8B4A-11D0-8D11-00A0C91BC942}") = "oestore", "plugin\oestore\oestore.vcproj", "{FB58BEFD-334F-4571-A8CE-6DF93F1E3A6C}"
	ProjectSection(ProjectDependencies) = postProject
		{A1B84277-EF63-4F93-95B8-AD1C86233C30} = {A1B84277-EF63-4F93-95B8-AD1C86233C30}
		{215D83C7-E3A8-4A85-9DCE-B86EDAF3B91A} = {215D83C7-E3A8-4A85-9DCE-B86EDAF3B91A}
	EndProjectSection
EndProject
Project("{8BC9CEB8-8B4A-11D0-8D11-00A0C91BC942}") = "libsymnektra", "libsymnektra\libsymnektra.vcproj", "{43F2E58F-0F3A-4708-92BE-5F45619FF120}"
	ProjectSection(ProjectDependencies) = postProject
		{A1B84277-EF63-4F93-95B8-AD1C86233C30} = {A1B84277-EF63-4F93-95B8-AD1C86233C30}
		{505DB289-BC5B-486C-9727-7BFC8E99D22D} = {505DB289-BC5B-486C-9727-7BFC8E99D22D}
		{FB58BEFD-334F-4571-A8CE-6DF93F1E3A6C} = {FB58BEFD-334F-4571-A8CE-6DF93F1E3A6C}
	EndProjectSection
EndProject
Project("{8BC9CEB8-8B4A-11D0-8D11-00A0C91BC942}") = "symdemo", "symdemo\symdemo.vcproj", "{B5DA6843-EEAB-48D0-8DA8-2C52CCE8D78A}"
	ProjectSection(ProjectDependencies) = postProject
		{A1B84277-EF63-4F93-95B8-AD1C86233C30} = {A1B84277-EF63-4F93-95B8-AD1C86233C30}
		{505DB289-BC5B-486C-9727-7BFC8E99D22D} = {505DB289-BC5B-486C-9727-7BFC8E99D22D}
		{FB58BEFD-334F-4571-A8CE-6DF93F1E3A6C} = {FB58BEFD-334F-4571-A8CE-6DF93F1E3A6C}
	EndProjectSection
EndProject
Global
	GlobalSection(SolutionConfigurationPlatforms) = preSolution
		Debug|Win32 = Debug|Win32
		Debug|x64 = Debug|x64
		Evaluation|Win32 = Evaluation|Win32
		Evaluation|x64 = Evaluation|x64
		Release|Win32 = Release|Win32
		Release|x64 = Release|x64
		Standard|Win32 = Standard|Win32
		Standard|x64 = Standard|x64
	EndGlobalSection
	GlobalSection(ProjectConfigurationPlatforms) = postSolution
		{2D700C88-0FF8-4320-88E5-6CEAF134F53A}.Debug|Win32.ActiveCfg = Debug|Win32
		{2D700C88-0FF8-4320-88E5-6CEAF134F53A}.Debug|Win32.Build.0 = Debug|Win32
		{2D700C88-0FF8-4320-88E5-6CEAF134F53A}.Debug|x64.ActiveCfg = Debug|x64
		{2D700C88-0FF8-4320-88E5-6CEAF134F53A}.Debug|x64.Build.0 = Debug|x64
		{2D700C88-0FF8-4320-88E5-6CEAF134F53A}.Evaluation|Win32.ActiveCfg = Evaluation|Win32
		{2D700C88-0FF8-4320-88E5-6CEAF134F53A}.Evaluation|Win32.Build.0 = Evaluation|Win32
		{2D700C88-0FF8-4320-88E5-6CEAF134F53A}.Evaluation|x64.ActiveCfg = Evaluation|x64
		{2D700C88-0FF8-4320-88E5-6CEAF134F53A}.Evaluation|x64.Build.0 = Evaluation|x64
		{2D700C88-0FF8-4320-88E5-6CEAF134F53A}.Release|Win32.ActiveCfg = Release|Win32
		{2D700C88-0FF8-4320-88E5-6CEAF134F53A}.Release|Win32.Build.0 = Release|Win32
		{2D700C88-0FF8-4320-88E5-6CEAF134F53A}.Release|x64.ActiveCfg = Release|x64
		{2D700C88-0FF8-4320-88E5-6CEAF134F53A}.Release|x64.Build.0 = Release|x64
		{2D700C88-0FF8-4320-88E5-6CEAF134F53A}.Standard|Win32.ActiveCfg = Standard|Win32
		{2D700C88-0FF8-4320-88E5-6CEAF134F53A}.Standard|Win32.Build.0 = Standard|Win32
		{2D700C88-0FF8-4320-88E5-6CEAF134F53A}.Standard|x64.ActiveCfg = Standard|x64
		{2D700C88-0FF8-4320-88E5-6CEAF134F53A}.Standard|x64.Build.0 = Standard|x64
		{505DB289-BC5B-486C-9727-7BFC8E99D22D}.Debug|Win32.ActiveCfg = Debug|Win32
		{505DB289-BC5B-486C-9727-7BFC8E99D22D}.Debug|Win32.Build.0 = Debug|Win32
		{505DB289-BC5B-486C-9727-7BFC8E99D22D}.Debug|x64.ActiveCfg = Debug|x64
		{505DB289-BC5B-486C-9727-7BFC8E99D22D}.Debug|x64.Build.0 = Debug|x64
		{505DB289-BC5B-486C-9727-7BFC8E99D22D}.Evaluation|Win32.ActiveCfg = Evaluation|Win32
		{505DB289-BC5B-486C-9727-7BFC8E99D22D}.Evaluation|Win32.Build.0 = Evaluation|Win32
		{505DB289-BC5B-486C-9727-7BFC8E99D22D}.Evaluation|x64.ActiveCfg = Evaluation|x64
		{505DB289-BC5B-486C-9727-7BFC8E99D22D}.Evaluation|x64.Build.0 = Evaluation|x64
		{505DB289-BC5B-486C-9727-7BFC8E99D22D}.Release|Win32.ActiveCfg = Release|Win32
		{505DB289-BC5B-486C-9727-7BFC8E99D22D}.Release|Win32.Build.0 = Release|Win32
		{505DB289-BC5B-486C-9727-7BFC8E99D22D}.Release|x64.ActiveCfg = Release|x64
		{505DB289-BC5B-486C-9727-7BFC8E99D22D}.Release|x64.Build.0 = Release|x64
		{505DB289-BC5B-486C-9727-7BFC8E99D22D}.Standard|Win32.ActiveCfg = Standard|Win32
		{505DB289-BC5B-486C-9727-7BFC8E99D22D}.Standard|Win32.Build.0 = Standard|Win32
		{505DB289-BC5B-486C-9727-7BFC8E99D22D}.Standard|x64.ActiveCfg = Standard|x64
		{505DB289-BC5B-486C-9727-7BFC8E99D22D}.Standard|x64.Build.0 = Standard|x64
		{00907C49-617B-4736-85EC-B12D4A7AD74E}.Debug|Win32.ActiveCfg = Debug|Win32
		{00907C49-617B-4736-85EC-B12D4A7AD74E}.Debug|Win32.Build.0 = Debug|Win32
		{00907C49-617B-4736-85EC-B12D4A7AD74E}.Debug|x64.ActiveCfg = Debug|x64
		{00907C49-617B-4736-85EC-B12D4A7AD74E}.Debug|x64.Build.0 = Debug|x64
		{00907C49-617B-4736-85EC-B12D4A7AD74E}.Evaluation|Win32.ActiveCfg = Evaluation|Win32
		{00907C49-617B-4736-85EC-B12D4A7AD74E}.Evaluation|Win32.Build.0 = Evaluation|Win32
		{00907C49-617B-4736-85EC-B12D4A7AD74E}.Evaluation|x64.ActiveCfg = Evaluation|x64
		{00907C49-617B-4736-85EC-B12D4A7AD74E}.Evaluation|x64.Build.0 = Evaluation|x64
		{00907C49-617B-4736-85EC-B12D4A7AD74E}.Release|Win32.ActiveCfg = Release|Win32
		{00907C49-617B-4736-85EC-B12D4A7AD74E}.Release|Win32.Build.0 = Release|Win32
		{00907C49-617B-4736-85EC-B12D4A7AD74E}.Release|x64.ActiveCfg = Release|x64
		{00907C49-617B-4736-85EC-B12D4A7AD74E}.Release|x64.Build.0 = Release|x64
		{00907C49-617B-4736-85EC-B12D4A7AD74E}.Standard|Win32.ActiveCfg = Standard|Win32
		{00907C49-617B-4736-85EC-B12D4A7AD74E}.Standard|Win32.Build.0 = Standard|Win32
		{00907C49-617B-4736-85EC-B12D4A7AD74E}.Standard|x64.ActiveCfg = Standard|x64
		{00907C49-617B-4736-85EC-B12D4A7AD74E}.Standard|x64.Build.0 = Standard|x64
		{A1B84277-EF63-4F93-95B8-AD1C86233C30}.Debug|Win32.ActiveCfg = Debug|Win32
		{A1B84277-EF63-4F93-95B8-AD1C86233C30}.Debug|Win32.Build.0 = Debug|Win32
		{A1B84277-EF63-4F93-95B8-AD1C86233C30}.Debug|x64.ActiveCfg = Debug|x64
		{A1B84277-EF63-4F93-95B8-AD1C86233C30}.Debug|x64.Build.0 = Debug|x64
		{A1B84277-EF63-4F93-95B8-AD1C86233C30}.Evaluation|Win32.ActiveCfg = Evaluation|Win32
		{A1B84277-EF63-4F93-95B8-AD1C86233C30}.Evaluation|Win32.Build.0 = Evaluation|Win32
		{A1B84277-EF63-4F93-95B8-AD1C86233C30}.Evaluation|x64.ActiveCfg = Evaluation|x64
		{A1B84277-EF63-4F93-95B8-AD1C86233C30}.Evaluation|x64.Build.0 = Evaluation|x64
		{A1B84277-EF63-4F93-95B8-AD1C86233C30}.Release|Win32.ActiveCfg = Release|Win32
		{A1B84277-EF63-4F93-95B8-AD1C86233C30}.Release|Win32.Build.0 = Release|Win32
		{A1B84277-EF63-4F93-95B8-AD1C86233C30}.Release|x64.ActiveCfg = Release|x64
		{A1B84277-EF63-4F93-95B8-AD1C86233C30}.Release|x64.Build.0 = Release|x64
		{A1B84277-EF63-4F93-95B8-AD1C86233C30}.Standard|Win32.ActiveCfg = Standard|Win32
		{A1B84277-EF63-4F93-95B8-AD1C86233C30}.Standard|Win32.Build.0 = Standard|Win32
		{A1B84277-EF63-4F93-95B8-AD1C86233C30}.Standard|x64.ActiveCfg = Standard|x64
		{A1B84277-EF63-4F93-95B8-AD1C86233C30}.Standard|x64.Build.0 = Standard|x64
		{215D83C7-E3A8-4A85-9DCE-B86EDAF3B91A}.Debug|Win32.ActiveCfg = Debug|Win32
		{215D83C7-E3A8-4A85-9DCE-B86EDAF3B91A}.Debug|Win32.Build.0 = Debug|Win32
		{215D83C7-E3A8-4A85-9DCE-B86EDAF3B91A}.Debug|x64.ActiveCfg = Debug|x64
		{215D83C7-E3A8-4A85-9DCE-B86EDAF3B91A}.Debug|x64.Build.0 = Debug|x64
		{215D83C7-E3A8-4A85-9DCE-B86EDAF3B91A}.Evaluation|Win32.ActiveCfg = Evaluation|Win32
		{215D83C7-E3A8-4A85-9DCE-B86EDAF3B91A}.Evaluation|Win32.Build.0 = Evaluation|Win32
		{215D83C7-E3A8-4A85-9DCE-B86EDAF3B91A}.Evaluation|x64.ActiveCfg = Evaluation|x64
		{215D83C7-E3A8-4A85-9DCE-B86EDAF3B91A}.Evaluation|x64.Build.0 = Evaluation|x64
		{215D83C7-E3A8-4A85-9DCE-B86EDAF3B91A}.Release|Win32.ActiveCfg = Release|Win32
		{215D83C7-E3A8-4A85-9DCE-B86EDAF3B91A}.Release|Win32.Build.0 = Release|Win32
		{215D83C7-E3A8-4A85-9DCE-B86EDAF3B91A}.Release|x64.ActiveCfg = Release|x64
		{215D83C7-E3A8-4A85-9DCE-B86EDAF3B91A}.Release|x64.Build.0 = Release|x64
		{215D83C7-E3A8-4A85-9DCE-B86EDAF3B91A}.Standard|Win32.ActiveCfg = Standard|Win32
		{215D83C7-E3A8-4A85-9DCE-B86EDAF3B91A}.Standard|Win32.Build.0 = Standard|Win32
		{215D83C7-E3A8-4A85-9DCE-B86EDAF3B91A}.Standard|x64.ActiveCfg = Standard|x64
		{215D83C7-E3A8-4A85-9DCE-B86EDAF3B91A}.Standard|x64.Build.0 = Standard|x64
		{FB58BEFD-334F-4571-A8CE-6DF93F1E3A6C}.Debug|Win32.ActiveCfg = Debug|Win32
		{FB58BEFD-334F-4571-A8CE-6DF93F1E3A6C}.Debug|Win32.Build.0 = Debug|Win32
		{FB58BEFD-334F-4571-A8CE-6DF93F1E3A6C}.Debug|x64.ActiveCfg = Debug|x64
		{FB58BEFD-334F-4571-A8CE-6DF93F1E3A6C}.Debug|x64.Build.0 = Debug|x64
		{FB58BEFD-334F-4571-A8CE-6DF93F1E3A6C}.Evaluation|Win32.ActiveCfg = Evaluation|Win32
		{FB58BEFD-334F-4571-A8CE-6DF93F1E3A6C}.Evaluation|Win32.Build.0 = Evaluation|Win32
		{FB58BEFD-334F-4571-A8CE-6DF93F1E3A6C}.Evaluation|x64.ActiveCfg = Evaluation|x64
		{FB58BEFD-334F-4571-A8CE-6DF93F1E3A6C}.Evaluation|x64.Build.0 = Evaluation|x64
		{FB58BEFD-334F-4571-A8CE-6DF93F1E3A6C}.Release|Win32.ActiveCfg = Release|Win32
		{FB58BEFD-334F-4571-A8CE-6DF93F1E3A6C}.Release|Win32.Build.0 = Release|Win32
		{FB58BEFD-334F-4571-A8CE-6DF93F1E3A6C}.Release|x64.ActiveCfg = Release|x64
		{FB58BEFD-334F-4571-A8CE-6DF93F1E3A6C}.Release|x64.Build.0 = Release|x64
		{FB58BEFD-334F-4571-A8CE-6DF93F1E3A6C}.Standard|Win32.ActiveCfg = Standard|Win32
		{FB58BEFD-334F-4571-A8CE-6DF93F1E3A6C}.Standard|Win32.Build.0 = Standard|Win32
		{FB58BEFD-334F-4571-A8CE-6DF93F1E3A6C}.Standard|x64.ActiveCfg = Standard|x64
		{FB58BEFD-334F-4571-A8CE-6DF93F1E3A6C}.Standard|x64.Build.0 = Standard|x64
		{43F2E58F-0F3A-4708-92BE-5F45619FF120}.Debug|Win32.ActiveCfg = Debug|Win32
		{43F2E58F-0F3A-4708-92BE-5F45619FF120}.Debug|Win32.Build.0 = Debug|Win32
		{43F2E58F-0F3A-4708-92BE-5F45619FF120}.Debug|x64.ActiveCfg = Debug|Win32
		{43F2E58F-0F3A-4708-92BE-5F45619FF120}.Evaluation|Win32.ActiveCfg = Release|Win32
		{43F2E58F-0F3A-4708-92BE-5F45619FF120}.Evaluation|Win32.Build.0 = Release|Win32
		{43F2E58F-0F3A-4708-92BE-5F45619FF120}.Evaluation|x64.ActiveCfg = Release|Win32
		{43F2E58F-0F3A-4708-92BE-5F45619FF120}.Release|Win32.ActiveCfg = Release|Win32
		{43F2E58F-0F3A-4708-92BE-5F45619FF120}.Release|Win32.Build.0 = Release|Win32
		{43F2E58F-0F3A-4708-92BE-5F45619FF120}.Release|x64.ActiveCfg = Release|Win32
		{43F2E58F-0F3A-4708-92BE-5F45619FF120}.Standard|Win32.ActiveCfg = Release|Win32
		{43F2E58F-0F3A-4708-92BE-5F45619FF120}.Standard|Win32.Build.0 = Release|Win32
		{43F2E58F-0F3A-4708-92BE-5F45619FF120}.Standard|x64.ActiveCfg = Release|Win32
		{B5DA6843-EEAB-48D0-8DA8-2C52CCE8D78A}.Debug|Win32.ActiveCfg = Debug|Win32
		{B5DA6843-EEAB-48D0-8DA8-2C52CCE8D78A}.Debug|Win32.Build.0 = Debug|Win32
		{B5DA6843-EEAB-48D0-8DA8-2C52CCE8D78A}.Debug|x64.ActiveCfg = Debug|Win32
		{B5DA6843-EEAB-48D0-8DA8-2C52CCE8D78A}.Evaluation|Win32.ActiveCfg = Release|Win32
		{B5DA6843-EEAB-48D0-8DA8-2C52CCE8D78A}.Evaluation|Win32.Build.0 = Release|Win32
		{B5DA6843-EEAB-48D0-8DA8-2C52CCE8D78A}.Evaluation|x64.ActiveCfg = Release|Win32
		{B5DA6843-EEAB-48D0-8DA8-2C52CCE8D78A}.Release|Win32.ActiveCfg = Release|Win32
		{B5DA6843-EEAB-48D0-8DA8-2C52CCE8D78A}.Release|Win32.Build.0 = Release|Win32
		{B5DA6843-EEAB-48D0-8DA8-2C52CCE8D78A}.Release|x64.ActiveCfg = Release|Win32
		{B5DA6843-EEAB-48D0-8DA8-2C52CCE8D78A}.Standard|Win32.ActiveCfg = Release|Win32
		{B5DA6843-EEAB-48D0-8DA8-2C52CCE8D78A}.Standard|Win32.Build.0 = Release|Win32
		{B5DA6843-EEAB-48D0-8DA8-2C52CCE8D78A}.Standard|x64.ActiveCfg = Release|Win32
	EndGlobalSection
	GlobalSection(SolutionProperties) = preSolution
		HideSolutionNode = FALSE
	EndGlobalSection
EndGlobal
